
Microsoft Visual Studio Solution File, Format Version 12.00
Project("{FAE04EC0-301F-11D3-BF4B-00C04F79EFBC}") = "TestMinimalAPI", "TestMinimalAPI\TestMinimalAPI.csproj", "{99C9110C-F7F1-4EB4-94CD-EA87B0E80086}"
EndProject
Project("{FAE04EC0-301F-11D3-BF4B-00C04F79EFBC}") = "TestMinimalApi.Tests", "TestMinimalApi.Tests\TestMinimalApi.Tests.csproj", "{C0DA8FF0-B111-49B5-8A38-B92C9F545E9E}"
EndProject
Project("{FAE04EC0-301F-11D3-BF4B-00C04F79EFBC}") = "TestMinimalApi.IntegrationTests", "TestMinimalApi.IntegrationTests\TestMinimalApi.IntegrationTests.csproj", "{F2CF2964-73D9-48AC-AA0B-632D781474C8}"
EndProject
Project("{FAE04EC0-301F-11D3-BF4B-00C04F79EFBC}") = "TestMinimalAPI.Data", "TestMinimalAPI.Data\TestMinimalAPI.Data.csproj", "{20F8D298-8314-4A3F-BDAF-4141BFA123B1}"
EndProject
Global
	GlobalSection(SolutionConfigurationPlatforms) = preSolution
		Debug|Any CPU = Debug|Any CPU
		Release|Any CPU = Release|Any CPU
	EndGlobalSection
	GlobalSection(ProjectConfigurationPlatforms) = postSolution
		{99C9110C-F7F1-4EB4-94CD-EA87B0E80086}.Debug|Any CPU.ActiveCfg = Debug|Any CPU
		{99C9110C-F7F1-4EB4-94CD-EA87B0E80086}.Debug|Any CPU.Build.0 = Debug|Any CPU
		{99C9110C-F7F1-4EB4-94CD-EA87B0E80086}.Release|Any CPU.ActiveCfg = Release|Any CPU
		{99C9110C-F7F1-4EB4-94CD-EA87B0E80086}.Release|Any CPU.Build.0 = Release|Any CPU
		{C0DA8FF0-B111-49B5-8A38-B92C9F545E9E}.Debug|Any CPU.ActiveCfg = Debug|Any CPU
		{C0DA8FF0-B111-49B5-8A38-B92C9F545E9E}.Debug|Any CPU.Build.0 = Debug|Any CPU
		{C0DA8FF0-B111-49B5-8A38-B92C9F545E9E}.Release|Any CPU.ActiveCfg = Release|Any CPU
		{C0DA8FF0-B111-49B5-8A38-B92C9F545E9E}.Release|Any CPU.Build.0 = Release|Any CPU
		{F2CF2964-73D9-48AC-AA0B-632D781474C8}.Debug|Any CPU.ActiveCfg = Debug|Any CPU
		{F2CF2964-73D9-48AC-AA0B-632D781474C8}.Debug|Any CPU.Build.0 = Debug|Any CPU
		{F2CF2964-73D9-48AC-AA0B-632D781474C8}.Release|Any CPU.ActiveCfg = Release|Any CPU
		{F2CF2964-73D9-48AC-AA0B-632D781474C8}.Release|Any CPU.Build.0 = Release|Any CPU
		{20F8D298-8314-4A3F-BDAF-4141BFA123B1}.Debug|Any CPU.ActiveCfg = Debug|Any CPU
		{20F8D298-8314-4A3F-BDAF-4141BFA123B1}.Debug|Any CPU.Build.0 = Debug|Any CPU
		{20F8D298-8314-4A3F-BDAF-4141BFA123B1}.Release|Any CPU.ActiveCfg = Release|Any CPU
		{20F8D298-8314-4A3F-BDAF-4141BFA123B1}.Release|Any CPU.Build.0 = Release|Any CPU
	EndGlobalSection
EndGlobal
